// !$*UTF8*$!
{
	archiveVersion = 1;
	classes = {
	};
	objectVersion = 46;
	objects = {

/* Begin PBXBuildFile section */
		481C6D651EF14A8B000090FE /* AppDelegate.swift in Sources */ = {isa = PBXBuildFile; fileRef = 481C6D641EF14A8B000090FE /* AppDelegate.swift */; };
		481C6D671EF14A8B000090FE /* ViewController.swift in Sources */ = {isa = PBXBuildFile; fileRef = 481C6D661EF14A8B000090FE /* ViewController.swift */; };
		481C6D6A1EF14A8B000090FE /* Main.storyboard in Resources */ = {isa = PBXBuildFile; fileRef = 481C6D681EF14A8B000090FE /* Main.storyboard */; };
		481C6D6C1EF14A8B000090FE /* Assets.xcassets in Resources */ = {isa = PBXBuildFile; fileRef = 481C6D6B1EF14A8B000090FE /* Assets.xcassets */; };
		481C6D6F1EF14A8B000090FE /* LaunchScreen.storyboard in Resources */ = {isa = PBXBuildFile; fileRef = 481C6D6D1EF14A8B000090FE /* LaunchScreen.storyboard */; };
		481C6D771EF14B5A000090FE /* MyTableViewCell.swift in Sources */ = {isa = PBXBuildFile; fileRef = 481C6D761EF14B5A000090FE /* MyTableViewCell.swift */; };
		481C6D791EF1576C000090FE /* CalendarEnum.swift in Sources */ = {isa = PBXBuildFile; fileRef = 481C6D781EF1576C000090FE /* CalendarEnum.swift */; };
		481F07721EF22994004D44CB /* CurrentMonthDay.swift in Sources */ = {isa = PBXBuildFile; fileRef = 481F07711EF22994004D44CB /* CurrentMonthDay.swift */; };
/* End PBXBuildFile section */

/* Begin PBXFileReference section */
		481C6D611EF14A8B000090FE /* TodayDiary.app */ = {isa = PBXFileReference; explicitFileType = wrapper.application; includeInIndex = 0; path = TodayDiary.app; sourceTree = BUILT_PRODUCTS_DIR; };
		481C6D641EF14A8B000090FE /* AppDelegate.swift */ = {isa = PBXFileReference; lastKnownFileType = sourcecode.swift; path = AppDelegate.swift; sourceTree = "<group>"; };
		481C6D661EF14A8B000090FE /* ViewController.swift */ = {isa = PBXFileReference; lastKnownFileType = sourcecode.swift; path = ViewController.swift; sourceTree = "<group>"; };
		481C6D691EF14A8B000090FE /* Base */ = {isa = PBXFileReference; lastKnownFileType = file.storyboard; name = Base; path = Base.lproj/Main.storyboard; sourceTree = "<group>"; };
		481C6D6B1EF14A8B000090FE /* Assets.xcassets */ = {isa = PBXFileReference; lastKnownFileType = folder.assetcatalog; path = Assets.xcassets; sourceTree = "<group>"; };
		481C6D6E1EF14A8B000090FE /* Base */ = {isa = PBXFileReference; lastKnownFileType = file.storyboard; name = Base; path = Base.lproj/LaunchScreen.storyboard; sourceTree = "<group>"; };
		481C6D701EF14A8B000090FE /* Info.plist */ = {isa = PBXFileReference; lastKnownFileType = text.plist.xml; path = Info.plist; sourceTree = "<group>"; };
		481C6D761EF14B5A000090FE /* MyTableViewCell.swift */ = {isa = PBXFileReference; fileEncoding = 4; lastKnownFileType = sourcecode.swift; path = MyTableViewCell.swift; sourceTree = "<group>"; };
		481C6D781EF1576C000090FE /* CalendarEnum.swift */ = {isa = PBXFileReference; fileEncoding = 4; lastKnownFileType = sourcecode.swift; path = CalendarEnum.swift; sourceTree = "<group>"; };
		481F07711EF22994004D44CB /* CurrentMonthDay.swift */ = {isa = PBXFileReference; fileEncoding = 4; lastKnownFileType = sourcecode.swift; path = CurrentMonthDay.swift; sourceTree = "<group>"; };
/* End PBXFileReference section */

/* Begin PBXFrameworksBuildPhase section */
		481C6D5E1EF14A8B000090FE /* Frameworks */ = {
			isa = PBXFrameworksBuildPhase;
			buildActionMask = 2147483647;
			files = (
			);
			runOnlyForDeploymentPostprocessing = 0;
		};
/* End PBXFrameworksBuildPhase section */

/* Begin PBXGroup section */
		481C6D581EF14A8B000090FE = {
			isa = PBXGroup;
			children = (
				481C6D631EF14A8B000090FE /* TodayDiary */,
				481C6D621EF14A8B000090FE /* Products */,
			);
			sourceTree = "<group>";
		};
		481C6D621EF14A8B000090FE /* Products */ = {
			isa = PBXGroup;
			children = (
				481C6D611EF14A8B000090FE /* TodayDiary.app */,
			);
			name = Products;
			sourceTree = "<group>";
		};
		481C6D631EF14A8B000090FE /* TodayDiary */ = {
			isa = PBXGroup;
			children = (
				481C6D641EF14A8B000090FE /* AppDelegate.swift */,
				481C6D661EF14A8B000090FE /* ViewController.swift */,
				481C6D681EF14A8B000090FE /* Main.storyboard */,
				481C6D6B1EF14A8B000090FE /* Assets.xcassets */,
				481C6D6D1EF14A8B000090FE /* LaunchScreen.storyboard */,
				481C6D701EF14A8B000090FE /* Info.plist */,
				481C6D761EF14B5A000090FE /* MyTableViewCell.swift */,
				481C6D781EF1576C000090FE /* CalendarEnum.swift */,
				481F07711EF22994004D44CB /* CurrentMonthDay.swift */,
			);
			path = TodayDiary;
			sourceTree = "<group>";
		};
/* End PBXGroup section */

/* Begin PBXNativeTarget section */
		481C6D601EF14A8B000090FE /* TodayDiary */ = {
			isa = PBXNativeTarget;
			buildConfigurationList = 481C6D731EF14A8B000090FE /* Build configuration list for PBXNativeTarget "TodayDiary" */;
			buildPhases = (
				481C6D5D1EF14A8B000090FE /* Sources */,
				481C6D5E1EF14A8B000090FE /* Frameworks */,
				481C6D5F1EF14A8B000090FE /* Resources */,
			);
			buildRules = (
			);
			dependencies = (
			);
			name = TodayDiary;
			productName = TodayDiary;
			productReference = 481C6D611EF14A8B000090FE /* TodayDiary.app */;
			productType = "com.apple.product-type.application";
		};
/* End PBXNativeTarget section */

/* Begin PBXProject section */
		481C6D591EF14A8B000090FE /* Project object */ = {
			isa = PBXProject;
			attributes = {
				LastSwiftUpdateCheck = 0830;
				LastUpgradeCheck = 0830;
				ORGANIZATIONNAME = "정교윤";
				TargetAttributes = {
					481C6D601EF14A8B000090FE = {
						CreatedOnToolsVersion = 8.3.3;
						ProvisioningStyle = Automatic;
					};
				};
			};
			buildConfigurationList = 481C6D5C1EF14A8B000090FE /* Build configuration list for PBXProject "TodayDiary" */;
			compatibilityVersion = "Xcode 3.2";
			developmentRegion = English;
			hasScannedForEncodings = 0;
			knownRegions = (
				en,
				Base,
			);
			mainGroup = 481C6D581EF14A8B000090FE;
			productRefGroup = 481C6D621EF14A8B000090FE /* Products */;
			projectDirPath = "";
			projectRoot = "";
			targets = (
				481C6D601EF14A8B000090FE /* TodayDiary */,
			);
		};
/* End PBXProject section */

/* Begin PBXResourcesBuildPhase section */
		481C6D5F1EF14A8B000090FE /* Resources */ = {
			isa = PBXResourcesBuildPhase;
			buildActionMask = 2147483647;
			files = (
				481C6D6F1EF14A8B000090FE /* LaunchScreen.storyboard in Resources */,
				481C6D6C1EF14A8B000090FE /* Assets.xcassets in Resources */,
				481C6D6A1EF14A8B000090FE /* Main.storyboard in Resources */,
			);
			runOnlyForDeploymentPostprocessing = 0;
		};
/* End PBXResourcesBuildPhase section */

/* Begin PBXSourcesBuildPhase section */
		481C6D5D1EF14A8B000090FE /* Sources */ = {
			isa = PBXSourcesBuildPhase;
			buildActionMask = 2147483647;
			files = (
				481C6D791EF1576C000090FE /* CalendarEnum.swift in Sources */,
				481F07721EF22994004D44CB /* CurrentMonthDay.swift in Sources */,
				481C6D671EF14A8B000090FE /* ViewController.swift in Sources */,
				481C6D651EF14A8B000090FE /* AppDelegate.swift in Sources */,
				481C6D771EF14B5A000090FE /* MyTableViewCell.swift in Sources */,
			);
			runOnlyForDeploymentPostprocessing = 0;
		};
/* End PBXSourcesBuildPhase section */

/* Begin PBXVariantGroup section */
		481C6D681EF14A8B000090FE /* Main.storyboard */ = {
			isa = PBXVariantGroup;
			children = (
				481C6D691EF14A8B000090FE /* Base */,
			);
			name = Main.storyboard;
			sourceTree = "<group>";
		};
		481C6D6D1EF14A8B000090FE /* LaunchScreen.storyboard */ = {
			isa = PBXVariantGroup;
			children = (
				481C6D6E1EF14A8B000090FE /* Base */,
			);
			name = LaunchScreen.storyboard;
			sourceTree = "<group>";
		};
/* End PBXVariantGroup section */

/* Begin XCBuildConfiguration section */
		481C6D711EF14A8B000090FE /* Debug */ = {
			isa = XCBuildConfiguration;
			buildSettings = {
				ALWAYS_SEARCH_USER_PATHS = NO;
				CLANG_ANALYZER_NONNULL = YES;
				CLANG_ANALYZER_NUMBER_OBJECT_CONVERSION = YES_AGGRESSIVE;
				CLANG_CXX_LANGUAGE_STANDARD = "gnu++0x";
				CLANG_CXX_LIBRARY = "libc++";
				CLANG_ENABLE_MODULES = YES;
				CLANG_ENABLE_OBJC_ARC = YES;
				CLANG_WARN_BOOL_CONVERSION = YES;
				CLANG_WARN_CONSTANT_CONVERSION = YES;
				CLANG_WARN_DIRECT_OBJC_ISA_USAGE = YES_ERROR;
				CLANG_WARN_DOCUMENTATION_COMMENTS = YES;
				CLANG_WARN_EMPTY_BODY = YES;
				CLANG_WARN_ENUM_CONVERSION = YES;
				CLANG_WARN_INFINITE_RECURSION = YES;
				CLANG_WARN_INT_CONVERSION = YES;
				CLANG_WARN_OBJC_ROOT_CLASS = YES_ERROR;
				CLANG_WARN_SUSPICIOUS_MOVE = YES;
				CLANG_WARN_UNREACHABLE_CODE = YES;
				CLANG_WARN__DUPLICATE_METHOD_MATCH = YES;
				"CODE_SIGN_IDENTITY[sdk=iphoneos*]" = "iPhone Developer";
				COPY_PHASE_STRIP = NO;
				DEBUG_INFORMATION_FORMAT = dwarf;
				ENABLE_STRICT_OBJC_MSGSEND = YES;
				ENABLE_TESTABILITY = YES;
				GCC_C_LANGUAGE_STANDARD = gnu99;
				GCC_DYNAMIC_NO_PIC = NO;
				GCC_NO_COMMON_BLOCKS = YES;
				GCC_OPTIMIZATION_LEVEL = 0;
				GCC_PREPROCESSOR_DEFINITIONS = (
					"DEBUG=1",
					"$(inherited)",
				);
				GCC_WARN_64_TO_32_BIT_CONVERSION = YES;
				GCC_WARN_ABOUT_RETURN_TYPE = YES_ERROR;
				GCC_WARN_UNDECLARED_SELECTOR = YES;
				GCC_WARN_UNINITIALIZED_AUTOS = YES_AGGRESSIVE;
				GCC_WARN_UNUSED_FUNCTION = YES;
				GCC_WARN_UNUSED_VARIABLE = YES;
				IPHONEOS_DEPLOYMENT_TARGET = 10.3;
				MTL_ENABLE_DEBUG_INFO = YES;
				ONLY_ACTIVE_ARCH = YES;
				SDKROOT = iphoneos;
				SWIFT_ACTIVE_COMPILATION_CONDITIONS = DEBUG;
				SWIFT_OPTIMIZATION_LEVEL = "-Onone";
			};
			name = Debug;
		};
		481C6D721EF14A8B000090FE /* Release */ = {
			isa = XCBuildConfiguration;
			buildSettings = {
				ALWAYS_SEARCH_USER_PATHS = NO;
				CLANG_ANALYZER_NONNULL = YES;
				CLANG_ANALYZER_NUMBER_OBJECT_CONVERSION = YES_AGGRESSIVE;
				CLANG_CXX_LANGUAGE_STANDARD = "gnu++0x";
				CLANG_CXX_LIBRARY = "libc++";
				CLANG_ENABLE_MODULES = YES;
				CLANG_ENABLE_OBJC_ARC = YES;
				CLANG_WARN_BOOL_CONVERSION = YES;
				CLANG_WARN_CONSTANT_CONVERSION = YES;
				CLANG_WARN_DIRECT_OBJC_ISA_USAGE = YES_ERROR;
				CLANG_WARN_DOCUMENTATION_COMMENTS = YES;
				CLANG_WARN_EMPTY_BODY = YES;
				CLANG_WARN_ENUM_CONVERSION = YES;
				CLANG_WARN_INFINITE_RECURSION = YES;
				CLANG_WARN_INT_CONVERSION = YES;
				CLANG_WARN_OBJC_ROOT_CLASS = YES_ERROR;
				CLANG_WARN_SUSPICIOUS_MOVE = YES;
				CLANG_WARN_UNREACHABLE_CODE = YES;
				CLANG_WARN__DUPLICATE_METHOD_MATCH = YES;
				"CODE_SIGN_IDENTITY[sdk=iphoneos*]" = "iPhone Developer";
				COPY_PHASE_STRIP = NO;
				DEBUG_INFORMATION_FORMAT = "dwarf-with-dsym";
				ENABLE_NS_ASSERTIONS = NO;
				ENABLE_STRICT_OBJC_MSGSEND = YES;
				GCC_C_LANGUAGE_STANDARD = gnu99;
				GCC_NO_COMMON_BLOCKS = YES;
				GCC_WARN_64_TO_32_BIT_CONVERSION = YES;
				GCC_WARN_ABOUT_RETURN_TYPE = YES_ERROR;
				GCC_WARN_UNDECLARED_SELECTOR = YES;
				GCC_WARN_UNINITIALIZED_AUTOS = YES_AGGRESSIVE;
				GCC_WARN_UNUSED_FUNCTION = YES;
				GCC_WARN_UNUSED_VARIABLE = YES;
				IPHONEOS_DEPLOYMENT_TARGET = 10.3;
				MTL_ENABLE_DEBUG_INFO = NO;
				SDKROOT = iphoneos;
				SWIFT_OPTIMIZATION_LEVEL = "-Owholemodule";
				VALIDATE_PRODUCT = YES;
			};
			name = Release;
		};
		481C6D741EF14A8B000090FE /* Debug */ = {
			isa = XCBuildConfiguration;
			buildSettings = {
				ASSETCATALOG_COMPILER_APPICON_NAME = AppIcon;
				INFOPLIST_FILE = TodayDiary/Info.plist;
				LD_RUNPATH_SEARCH_PATHS = "$(inherited) @executable_path/Frameworks";
				PRODUCT_BUNDLE_IDENTIFIER = com.jky.TodayDiary;
				PRODUCT_NAME = "$(TARGET_NAME)";
				SWIFT_VERSION = 3.0;
			};
			name = Debug;
		};
		481C6D751EF14A8B000090FE /* Release */ = {
			isa = XCBuildConfiguration;
			buildSettings = {
				ASSETCATALOG_COMPILER_APPICON_NAME = AppIcon;
				INFOPLIST_FILE = TodayDiary/Info.plist;
				LD_RUNPATH_SEARCH_PATHS = "$(inherited) @executable_path/Frameworks";
				PRODUCT_BUNDLE_IDENTIFIER = com.jky.TodayDiary;
				PRODUCT_NAME = "$(TARGET_NAME)";
				SWIFT_VERSION = 3.0;
			};
			name = Release;
		};
/* End XCBuildConfiguration section */

/* Begin XCConfigurationList section */
		481C6D5C1EF14A8B000090FE /* Build configuration list for PBXProject "TodayDiary" */ = {
			isa = XCConfigurationList;
			buildConfigurations = (
				481C6D711EF14A8B000090FE /* Debug */,
				481C6D721EF14A8B000090FE /* Release */,
			);
			defaultConfigurationIsVisible = 0;
			defaultConfigurationName = Release;
		};
		481C6D731EF14A8B000090FE /* Build configuration list for PBXNativeTarget "TodayDiary" */ = {
			isa = XCConfigurationList;
			buildConfigurations = (
				481C6D741EF14A8B000090FE /* Debug */,
				481C6D751EF14A8B000090FE /* Release */,
			);
			defaultConfigurationIsVisible = 0;
			defaultConfigurationName = Release;
		};
/* End XCConfigurationList section */
	};
	rootObject = 481C6D591EF14A8B000090FE /* Project object */;
}
