// !$*UTF8*$!
{
	archiveVersion = 1;
	classes = {
	};
	objectVersion = 46;
	objects = {

/* Begin PBXBuildFile section */
		4865EF181F188C5600BDDBBB /* AppDelegate.swift in Sources */ = {isa = PBXBuildFile; fileRef = 4865EF171F188C5600BDDBBB /* AppDelegate.swift */; };
		4865EF1A1F188C5600BDDBBB /* ViewController.swift in Sources */ = {isa = PBXBuildFile; fileRef = 4865EF191F188C5600BDDBBB /* ViewController.swift */; };
		4865EF1D1F188C5600BDDBBB /* Main.storyboard in Resources */ = {isa = PBXBuildFile; fileRef = 4865EF1B1F188C5600BDDBBB /* Main.storyboard */; };
		4865EF1F1F188C5600BDDBBB /* Assets.xcassets in Resources */ = {isa = PBXBuildFile; fileRef = 4865EF1E1F188C5600BDDBBB /* Assets.xcassets */; };
		4865EF221F188C5600BDDBBB /* LaunchScreen.storyboard in Resources */ = {isa = PBXBuildFile; fileRef = 4865EF201F188C5600BDDBBB /* LaunchScreen.storyboard */; };
/* End PBXBuildFile section */

/* Begin PBXFileReference section */
		4865EF141F188C5600BDDBBB /* GCDPractice.app */ = {isa = PBXFileReference; explicitFileType = wrapper.application; includeInIndex = 0; path = GCDPractice.app; sourceTree = BUILT_PRODUCTS_DIR; };
		4865EF171F188C5600BDDBBB /* AppDelegate.swift */ = {isa = PBXFileReference; lastKnownFileType = sourcecode.swift; path = AppDelegate.swift; sourceTree = "<group>"; };
		4865EF191F188C5600BDDBBB /* ViewController.swift */ = {isa = PBXFileReference; lastKnownFileType = sourcecode.swift; path = ViewController.swift; sourceTree = "<group>"; };
		4865EF1C1F188C5600BDDBBB /* Base */ = {isa = PBXFileReference; lastKnownFileType = file.storyboard; name = Base; path = Base.lproj/Main.storyboard; sourceTree = "<group>"; };
		4865EF1E1F188C5600BDDBBB /* Assets.xcassets */ = {isa = PBXFileReference; lastKnownFileType = folder.assetcatalog; path = Assets.xcassets; sourceTree = "<group>"; };
		4865EF211F188C5600BDDBBB /* Base */ = {isa = PBXFileReference; lastKnownFileType = file.storyboard; name = Base; path = Base.lproj/LaunchScreen.storyboard; sourceTree = "<group>"; };
		4865EF231F188C5600BDDBBB /* Info.plist */ = {isa = PBXFileReference; lastKnownFileType = text.plist.xml; path = Info.plist; sourceTree = "<group>"; };
/* End PBXFileReference section */

/* Begin PBXFrameworksBuildPhase section */
		4865EF111F188C5600BDDBBB /* Frameworks */ = {
			isa = PBXFrameworksBuildPhase;
			buildActionMask = 2147483647;
			files = (
			);
			runOnlyForDeploymentPostprocessing = 0;
		};
/* End PBXFrameworksBuildPhase section */

/* Begin PBXGroup section */
		4865EF0B1F188C5600BDDBBB = {
			isa = PBXGroup;
			children = (
				4865EF161F188C5600BDDBBB /* GCDPractice */,
				4865EF151F188C5600BDDBBB /* Products */,
			);
			sourceTree = "<group>";
		};
		4865EF151F188C5600BDDBBB /* Products */ = {
			isa = PBXGroup;
			children = (
				4865EF141F188C5600BDDBBB /* GCDPractice.app */,
			);
			name = Products;
			sourceTree = "<group>";
		};
		4865EF161F188C5600BDDBBB /* GCDPractice */ = {
			isa = PBXGroup;
			children = (
				4865EF171F188C5600BDDBBB /* AppDelegate.swift */,
				4865EF191F188C5600BDDBBB /* ViewController.swift */,
				4865EF1B1F188C5600BDDBBB /* Main.storyboard */,
				4865EF1E1F188C5600BDDBBB /* Assets.xcassets */,
				4865EF201F188C5600BDDBBB /* LaunchScreen.storyboard */,
				4865EF231F188C5600BDDBBB /* Info.plist */,
			);
			path = GCDPractice;
			sourceTree = "<group>";
		};
/* End PBXGroup section */

/* Begin PBXNativeTarget section */
		4865EF131F188C5600BDDBBB /* GCDPractice */ = {
			isa = PBXNativeTarget;
			buildConfigurationList = 4865EF261F188C5600BDDBBB /* Build configuration list for PBXNativeTarget "GCDPractice" */;
			buildPhases = (
				4865EF101F188C5600BDDBBB /* Sources */,
				4865EF111F188C5600BDDBBB /* Frameworks */,
				4865EF121F188C5600BDDBBB /* Resources */,
			);
			buildRules = (
			);
			dependencies = (
			);
			name = GCDPractice;
			productName = GCDPractice;
			productReference = 4865EF141F188C5600BDDBBB /* GCDPractice.app */;
			productType = "com.apple.product-type.application";
		};
/* End PBXNativeTarget section */

/* Begin PBXProject section */
		4865EF0C1F188C5600BDDBBB /* Project object */ = {
			isa = PBXProject;
			attributes = {
				LastSwiftUpdateCheck = 0830;
				LastUpgradeCheck = 0830;
				ORGANIZATIONNAME = "정교윤";
				TargetAttributes = {
					4865EF131F188C5600BDDBBB = {
						CreatedOnToolsVersion = 8.3.3;
						ProvisioningStyle = Automatic;
					};
				};
			};
			buildConfigurationList = 4865EF0F1F188C5600BDDBBB /* Build configuration list for PBXProject "GCDPractice" */;
			compatibilityVersion = "Xcode 3.2";
			developmentRegion = English;
			hasScannedForEncodings = 0;
			knownRegions = (
				en,
				Base,
			);
			mainGroup = 4865EF0B1F188C5600BDDBBB;
			productRefGroup = 4865EF151F188C5600BDDBBB /* Products */;
			projectDirPath = "";
			projectRoot = "";
			targets = (
				4865EF131F188C5600BDDBBB /* GCDPractice */,
			);
		};
/* End PBXProject section */

/* Begin PBXResourcesBuildPhase section */
		4865EF121F188C5600BDDBBB /* Resources */ = {
			isa = PBXResourcesBuildPhase;
			buildActionMask = 2147483647;
			files = (
				4865EF221F188C5600BDDBBB /* LaunchScreen.storyboard in Resources */,
				4865EF1F1F188C5600BDDBBB /* Assets.xcassets in Resources */,
				4865EF1D1F188C5600BDDBBB /* Main.storyboard in Resources */,
			);
			runOnlyForDeploymentPostprocessing = 0;
		};
/* End PBXResourcesBuildPhase section */

/* Begin PBXSourcesBuildPhase section */
		4865EF101F188C5600BDDBBB /* Sources */ = {
			isa = PBXSourcesBuildPhase;
			buildActionMask = 2147483647;
			files = (
				4865EF1A1F188C5600BDDBBB /* ViewController.swift in Sources */,
				4865EF181F188C5600BDDBBB /* AppDelegate.swift in Sources */,
			);
			runOnlyForDeploymentPostprocessing = 0;
		};
/* End PBXSourcesBuildPhase section */

/* Begin PBXVariantGroup section */
		4865EF1B1F188C5600BDDBBB /* Main.storyboard */ = {
			isa = PBXVariantGroup;
			children = (
				4865EF1C1F188C5600BDDBBB /* Base */,
			);
			name = Main.storyboard;
			sourceTree = "<group>";
		};
		4865EF201F188C5600BDDBBB /* LaunchScreen.storyboard */ = {
			isa = PBXVariantGroup;
			children = (
				4865EF211F188C5600BDDBBB /* Base */,
			);
			name = LaunchScreen.storyboard;
			sourceTree = "<group>";
		};
/* End PBXVariantGroup section */

/* Begin XCBuildConfiguration section */
		4865EF241F188C5600BDDBBB /* Debug */ = {
			isa = XCBuildConfiguration;
			buildSettings = {
				ALWAYS_SEARCH_USER_PATHS = NO;
				CLANG_ANALYZER_NONNULL = YES;
				CLANG_ANALYZER_NUMBER_OBJECT_CONVERSION = YES_AGGRESSIVE;
				CLANG_CXX_LANGUAGE_STANDARD = "gnu++0x";
				CLANG_CXX_LIBRARY = "libc++";
				CLANG_ENABLE_MODULES = YES;
				CLANG_ENABLE_OBJC_ARC = YES;
				CLANG_WARN_BOOL_CONVERSION = YES;
				CLANG_WARN_CONSTANT_CONVERSION = YES;
				CLANG_WARN_DIRECT_OBJC_ISA_USAGE = YES_ERROR;
				CLANG_WARN_DOCUMENTATION_COMMENTS = YES;
				CLANG_WARN_EMPTY_BODY = YES;
				CLANG_WARN_ENUM_CONVERSION = YES;
				CLANG_WARN_INFINITE_RECURSION = YES;
				CLANG_WARN_INT_CONVERSION = YES;
				CLANG_WARN_OBJC_ROOT_CLASS = YES_ERROR;
				CLANG_WARN_SUSPICIOUS_MOVE = YES;
				CLANG_WARN_UNREACHABLE_CODE = YES;
				CLANG_WARN__DUPLICATE_METHOD_MATCH = YES;
				"CODE_SIGN_IDENTITY[sdk=iphoneos*]" = "iPhone Developer";
				COPY_PHASE_STRIP = NO;
				DEBUG_INFORMATION_FORMAT = dwarf;
				ENABLE_STRICT_OBJC_MSGSEND = YES;
				ENABLE_TESTABILITY = YES;
				GCC_C_LANGUAGE_STANDARD = gnu99;
				GCC_DYNAMIC_NO_PIC = NO;
				GCC_NO_COMMON_BLOCKS = YES;
				GCC_OPTIMIZATION_LEVEL = 0;
				GCC_PREPROCESSOR_DEFINITIONS = (
					"DEBUG=1",
					"$(inherited)",
				);
				GCC_WARN_64_TO_32_BIT_CONVERSION = YES;
				GCC_WARN_ABOUT_RETURN_TYPE = YES_ERROR;
				GCC_WARN_UNDECLARED_SELECTOR = YES;
				GCC_WARN_UNINITIALIZED_AUTOS = YES_AGGRESSIVE;
				GCC_WARN_UNUSED_FUNCTION = YES;
				GCC_WARN_UNUSED_VARIABLE = YES;
				IPHONEOS_DEPLOYMENT_TARGET = 10.3;
				MTL_ENABLE_DEBUG_INFO = YES;
				ONLY_ACTIVE_ARCH = YES;
				SDKROOT = iphoneos;
				SWIFT_ACTIVE_COMPILATION_CONDITIONS = DEBUG;
				SWIFT_OPTIMIZATION_LEVEL = "-Onone";
			};
			name = Debug;
		};
		4865EF251F188C5600BDDBBB /* Release */ = {
			isa = XCBuildConfiguration;
			buildSettings = {
				ALWAYS_SEARCH_USER_PATHS = NO;
				CLANG_ANALYZER_NONNULL = YES;
				CLANG_ANALYZER_NUMBER_OBJECT_CONVERSION = YES_AGGRESSIVE;
				CLANG_CXX_LANGUAGE_STANDARD = "gnu++0x";
				CLANG_CXX_LIBRARY = "libc++";
				CLANG_ENABLE_MODULES = YES;
				CLANG_ENABLE_OBJC_ARC = YES;
				CLANG_WARN_BOOL_CONVERSION = YES;
				CLANG_WARN_CONSTANT_CONVERSION = YES;
				CLANG_WARN_DIRECT_OBJC_ISA_USAGE = YES_ERROR;
				CLANG_WARN_DOCUMENTATION_COMMENTS = YES;
				CLANG_WARN_EMPTY_BODY = YES;
				CLANG_WARN_ENUM_CONVERSION = YES;
				CLANG_WARN_INFINITE_RECURSION = YES;
				CLANG_WARN_INT_CONVERSION = YES;
				CLANG_WARN_OBJC_ROOT_CLASS = YES_ERROR;
				CLANG_WARN_SUSPICIOUS_MOVE = YES;
				CLANG_WARN_UNREACHABLE_CODE = YES;
				CLANG_WARN__DUPLICATE_METHOD_MATCH = YES;
				"CODE_SIGN_IDENTITY[sdk=iphoneos*]" = "iPhone Developer";
				COPY_PHASE_STRIP = NO;
				DEBUG_INFORMATION_FORMAT = "dwarf-with-dsym";
				ENABLE_NS_ASSERTIONS = NO;
				ENABLE_STRICT_OBJC_MSGSEND = YES;
				GCC_C_LANGUAGE_STANDARD = gnu99;
				GCC_NO_COMMON_BLOCKS = YES;
				GCC_WARN_64_TO_32_BIT_CONVERSION = YES;
				GCC_WARN_ABOUT_RETURN_TYPE = YES_ERROR;
				GCC_WARN_UNDECLARED_SELECTOR = YES;
				GCC_WARN_UNINITIALIZED_AUTOS = YES_AGGRESSIVE;
				GCC_WARN_UNUSED_FUNCTION = YES;
				GCC_WARN_UNUSED_VARIABLE = YES;
				IPHONEOS_DEPLOYMENT_TARGET = 10.3;
				MTL_ENABLE_DEBUG_INFO = NO;
				SDKROOT = iphoneos;
				SWIFT_OPTIMIZATION_LEVEL = "-Owholemodule";
				VALIDATE_PRODUCT = YES;
			};
			name = Release;
		};
		4865EF271F188C5600BDDBBB /* Debug */ = {
			isa = XCBuildConfiguration;
			buildSettings = {
				ASSETCATALOG_COMPILER_APPICON_NAME = AppIcon;
				INFOPLIST_FILE = GCDPractice/Info.plist;
				LD_RUNPATH_SEARCH_PATHS = "$(inherited) @executable_path/Frameworks";
				PRODUCT_BUNDLE_IDENTIFIER = com.jky.GCDPractice;
				PRODUCT_NAME = "$(TARGET_NAME)";
				SWIFT_VERSION = 3.0;
			};
			name = Debug;
		};
		4865EF281F188C5600BDDBBB /* Release */ = {
			isa = XCBuildConfiguration;
			buildSettings = {
				ASSETCATALOG_COMPILER_APPICON_NAME = AppIcon;
				INFOPLIST_FILE = GCDPractice/Info.plist;
				LD_RUNPATH_SEARCH_PATHS = "$(inherited) @executable_path/Frameworks";
				PRODUCT_BUNDLE_IDENTIFIER = com.jky.GCDPractice;
				PRODUCT_NAME = "$(TARGET_NAME)";
				SWIFT_VERSION = 3.0;
			};
			name = Release;
		};
/* End XCBuildConfiguration section */

/* Begin XCConfigurationList section */
		4865EF0F1F188C5600BDDBBB /* Build configuration list for PBXProject "GCDPractice" */ = {
			isa = XCConfigurationList;
			buildConfigurations = (
				4865EF241F188C5600BDDBBB /* Debug */,
				4865EF251F188C5600BDDBBB /* Release */,
			);
			defaultConfigurationIsVisible = 0;
			defaultConfigurationName = Release;
		};
		4865EF261F188C5600BDDBBB /* Build configuration list for PBXNativeTarget "GCDPractice" */ = {
			isa = XCConfigurationList;
			buildConfigurations = (
				4865EF271F188C5600BDDBBB /* Debug */,
				4865EF281F188C5600BDDBBB /* Release */,
			);
			defaultConfigurationIsVisible = 0;
		};
/* End XCConfigurationList section */
	};
	rootObject = 4865EF0C1F188C5600BDDBBB /* Project object */;
}
