// !$*UTF8*$!
{
	archiveVersion = 1;
	classes = {
	};
	objectVersion = 46;
	objects = {

/* Begin PBXBuildFile section */
		48DAB6311ECAA2F3003BBA6C /* AppDelegate.swift in Sources */ = {isa = PBXBuildFile; fileRef = 48DAB6301ECAA2F3003BBA6C /* AppDelegate.swift */; };
		48DAB6331ECAA2F3003BBA6C /* ViewController.swift in Sources */ = {isa = PBXBuildFile; fileRef = 48DAB6321ECAA2F3003BBA6C /* ViewController.swift */; };
		48DAB6361ECAA2F3003BBA6C /* Main.storyboard in Resources */ = {isa = PBXBuildFile; fileRef = 48DAB6341ECAA2F3003BBA6C /* Main.storyboard */; };
		48DAB6381ECAA2F3003BBA6C /* Assets.xcassets in Resources */ = {isa = PBXBuildFile; fileRef = 48DAB6371ECAA2F3003BBA6C /* Assets.xcassets */; };
		48DAB63B1ECAA2F3003BBA6C /* LaunchScreen.storyboard in Resources */ = {isa = PBXBuildFile; fileRef = 48DAB6391ECAA2F3003BBA6C /* LaunchScreen.storyboard */; };
/* End PBXBuildFile section */

/* Begin PBXFileReference section */
		48DAB62D1ECAA2F3003BBA6C /* ArrayExample.app */ = {isa = PBXFileReference; explicitFileType = wrapper.application; includeInIndex = 0; path = ArrayExample.app; sourceTree = BUILT_PRODUCTS_DIR; };
		48DAB6301ECAA2F3003BBA6C /* AppDelegate.swift */ = {isa = PBXFileReference; lastKnownFileType = sourcecode.swift; path = AppDelegate.swift; sourceTree = "<group>"; };
		48DAB6321ECAA2F3003BBA6C /* ViewController.swift */ = {isa = PBXFileReference; lastKnownFileType = sourcecode.swift; path = ViewController.swift; sourceTree = "<group>"; };
		48DAB6351ECAA2F3003BBA6C /* Base */ = {isa = PBXFileReference; lastKnownFileType = file.storyboard; name = Base; path = Base.lproj/Main.storyboard; sourceTree = "<group>"; };
		48DAB6371ECAA2F3003BBA6C /* Assets.xcassets */ = {isa = PBXFileReference; lastKnownFileType = folder.assetcatalog; path = Assets.xcassets; sourceTree = "<group>"; };
		48DAB63A1ECAA2F3003BBA6C /* Base */ = {isa = PBXFileReference; lastKnownFileType = file.storyboard; name = Base; path = Base.lproj/LaunchScreen.storyboard; sourceTree = "<group>"; };
		48DAB63C1ECAA2F3003BBA6C /* Info.plist */ = {isa = PBXFileReference; lastKnownFileType = text.plist.xml; path = Info.plist; sourceTree = "<group>"; };
/* End PBXFileReference section */

/* Begin PBXFrameworksBuildPhase section */
		48DAB62A1ECAA2F3003BBA6C /* Frameworks */ = {
			isa = PBXFrameworksBuildPhase;
			buildActionMask = 2147483647;
			files = (
			);
			runOnlyForDeploymentPostprocessing = 0;
		};
/* End PBXFrameworksBuildPhase section */

/* Begin PBXGroup section */
		48DAB6241ECAA2F3003BBA6C = {
			isa = PBXGroup;
			children = (
				48DAB62F1ECAA2F3003BBA6C /* ArrayExample */,
				48DAB62E1ECAA2F3003BBA6C /* Products */,
			);
			sourceTree = "<group>";
		};
		48DAB62E1ECAA2F3003BBA6C /* Products */ = {
			isa = PBXGroup;
			children = (
				48DAB62D1ECAA2F3003BBA6C /* ArrayExample.app */,
			);
			name = Products;
			sourceTree = "<group>";
		};
		48DAB62F1ECAA2F3003BBA6C /* ArrayExample */ = {
			isa = PBXGroup;
			children = (
				48DAB6301ECAA2F3003BBA6C /* AppDelegate.swift */,
				48DAB6321ECAA2F3003BBA6C /* ViewController.swift */,
				48DAB6341ECAA2F3003BBA6C /* Main.storyboard */,
				48DAB6371ECAA2F3003BBA6C /* Assets.xcassets */,
				48DAB6391ECAA2F3003BBA6C /* LaunchScreen.storyboard */,
				48DAB63C1ECAA2F3003BBA6C /* Info.plist */,
			);
			path = ArrayExample;
			sourceTree = "<group>";
		};
/* End PBXGroup section */

/* Begin PBXNativeTarget section */
		48DAB62C1ECAA2F3003BBA6C /* ArrayExample */ = {
			isa = PBXNativeTarget;
			buildConfigurationList = 48DAB63F1ECAA2F3003BBA6C /* Build configuration list for PBXNativeTarget "ArrayExample" */;
			buildPhases = (
				48DAB6291ECAA2F3003BBA6C /* Sources */,
				48DAB62A1ECAA2F3003BBA6C /* Frameworks */,
				48DAB62B1ECAA2F3003BBA6C /* Resources */,
			);
			buildRules = (
			);
			dependencies = (
			);
			name = ArrayExample;
			productName = ArrayExample;
			productReference = 48DAB62D1ECAA2F3003BBA6C /* ArrayExample.app */;
			productType = "com.apple.product-type.application";
		};
/* End PBXNativeTarget section */

/* Begin PBXProject section */
		48DAB6251ECAA2F3003BBA6C /* Project object */ = {
			isa = PBXProject;
			attributes = {
				LastSwiftUpdateCheck = 0830;
				LastUpgradeCheck = 0830;
				ORGANIZATIONNAME = "정교윤";
				TargetAttributes = {
					48DAB62C1ECAA2F3003BBA6C = {
						CreatedOnToolsVersion = 8.3.2;
						ProvisioningStyle = Automatic;
					};
				};
			};
			buildConfigurationList = 48DAB6281ECAA2F3003BBA6C /* Build configuration list for PBXProject "ArrayExample" */;
			compatibilityVersion = "Xcode 3.2";
			developmentRegion = English;
			hasScannedForEncodings = 0;
			knownRegions = (
				en,
				Base,
			);
			mainGroup = 48DAB6241ECAA2F3003BBA6C;
			productRefGroup = 48DAB62E1ECAA2F3003BBA6C /* Products */;
			projectDirPath = "";
			projectRoot = "";
			targets = (
				48DAB62C1ECAA2F3003BBA6C /* ArrayExample */,
			);
		};
/* End PBXProject section */

/* Begin PBXResourcesBuildPhase section */
		48DAB62B1ECAA2F3003BBA6C /* Resources */ = {
			isa = PBXResourcesBuildPhase;
			buildActionMask = 2147483647;
			files = (
				48DAB63B1ECAA2F3003BBA6C /* LaunchScreen.storyboard in Resources */,
				48DAB6381ECAA2F3003BBA6C /* Assets.xcassets in Resources */,
				48DAB6361ECAA2F3003BBA6C /* Main.storyboard in Resources */,
			);
			runOnlyForDeploymentPostprocessing = 0;
		};
/* End PBXResourcesBuildPhase section */

/* Begin PBXSourcesBuildPhase section */
		48DAB6291ECAA2F3003BBA6C /* Sources */ = {
			isa = PBXSourcesBuildPhase;
			buildActionMask = 2147483647;
			files = (
				48DAB6331ECAA2F3003BBA6C /* ViewController.swift in Sources */,
				48DAB6311ECAA2F3003BBA6C /* AppDelegate.swift in Sources */,
			);
			runOnlyForDeploymentPostprocessing = 0;
		};
/* End PBXSourcesBuildPhase section */

/* Begin PBXVariantGroup section */
		48DAB6341ECAA2F3003BBA6C /* Main.storyboard */ = {
			isa = PBXVariantGroup;
			children = (
				48DAB6351ECAA2F3003BBA6C /* Base */,
			);
			name = Main.storyboard;
			sourceTree = "<group>";
		};
		48DAB6391ECAA2F3003BBA6C /* LaunchScreen.storyboard */ = {
			isa = PBXVariantGroup;
			children = (
				48DAB63A1ECAA2F3003BBA6C /* Base */,
			);
			name = LaunchScreen.storyboard;
			sourceTree = "<group>";
		};
/* End PBXVariantGroup section */

/* Begin XCBuildConfiguration section */
		48DAB63D1ECAA2F3003BBA6C /* Debug */ = {
			isa = XCBuildConfiguration;
			buildSettings = {
				ALWAYS_SEARCH_USER_PATHS = NO;
				CLANG_ANALYZER_NONNULL = YES;
				CLANG_ANALYZER_NUMBER_OBJECT_CONVERSION = YES_AGGRESSIVE;
				CLANG_CXX_LANGUAGE_STANDARD = "gnu++0x";
				CLANG_CXX_LIBRARY = "libc++";
				CLANG_ENABLE_MODULES = YES;
				CLANG_ENABLE_OBJC_ARC = YES;
				CLANG_WARN_BOOL_CONVERSION = YES;
				CLANG_WARN_CONSTANT_CONVERSION = YES;
				CLANG_WARN_DIRECT_OBJC_ISA_USAGE = YES_ERROR;
				CLANG_WARN_DOCUMENTATION_COMMENTS = YES;
				CLANG_WARN_EMPTY_BODY = YES;
				CLANG_WARN_ENUM_CONVERSION = YES;
				CLANG_WARN_INFINITE_RECURSION = YES;
				CLANG_WARN_INT_CONVERSION = YES;
				CLANG_WARN_OBJC_ROOT_CLASS = YES_ERROR;
				CLANG_WARN_SUSPICIOUS_MOVE = YES;
				CLANG_WARN_UNREACHABLE_CODE = YES;
				CLANG_WARN__DUPLICATE_METHOD_MATCH = YES;
				"CODE_SIGN_IDENTITY[sdk=iphoneos*]" = "iPhone Developer";
				COPY_PHASE_STRIP = NO;
				DEBUG_INFORMATION_FORMAT = dwarf;
				ENABLE_STRICT_OBJC_MSGSEND = YES;
				ENABLE_TESTABILITY = YES;
				GCC_C_LANGUAGE_STANDARD = gnu99;
				GCC_DYNAMIC_NO_PIC = NO;
				GCC_NO_COMMON_BLOCKS = YES;
				GCC_OPTIMIZATION_LEVEL = 0;
				GCC_PREPROCESSOR_DEFINITIONS = (
					"DEBUG=1",
					"$(inherited)",
				);
				GCC_WARN_64_TO_32_BIT_CONVERSION = YES;
				GCC_WARN_ABOUT_RETURN_TYPE = YES_ERROR;
				GCC_WARN_UNDECLARED_SELECTOR = YES;
				GCC_WARN_UNINITIALIZED_AUTOS = YES_AGGRESSIVE;
				GCC_WARN_UNUSED_FUNCTION = YES;
				GCC_WARN_UNUSED_VARIABLE = YES;
				IPHONEOS_DEPLOYMENT_TARGET = 10.3;
				MTL_ENABLE_DEBUG_INFO = YES;
				ONLY_ACTIVE_ARCH = YES;
				SDKROOT = iphoneos;
				SWIFT_ACTIVE_COMPILATION_CONDITIONS = DEBUG;
				SWIFT_OPTIMIZATION_LEVEL = "-Onone";
			};
			name = Debug;
		};
		48DAB63E1ECAA2F3003BBA6C /* Release */ = {
			isa = XCBuildConfiguration;
			buildSettings = {
				ALWAYS_SEARCH_USER_PATHS = NO;
				CLANG_ANALYZER_NONNULL = YES;
				CLANG_ANALYZER_NUMBER_OBJECT_CONVERSION = YES_AGGRESSIVE;
				CLANG_CXX_LANGUAGE_STANDARD = "gnu++0x";
				CLANG_CXX_LIBRARY = "libc++";
				CLANG_ENABLE_MODULES = YES;
				CLANG_ENABLE_OBJC_ARC = YES;
				CLANG_WARN_BOOL_CONVERSION = YES;
				CLANG_WARN_CONSTANT_CONVERSION = YES;
				CLANG_WARN_DIRECT_OBJC_ISA_USAGE = YES_ERROR;
				CLANG_WARN_DOCUMENTATION_COMMENTS = YES;
				CLANG_WARN_EMPTY_BODY = YES;
				CLANG_WARN_ENUM_CONVERSION = YES;
				CLANG_WARN_INFINITE_RECURSION = YES;
				CLANG_WARN_INT_CONVERSION = YES;
				CLANG_WARN_OBJC_ROOT_CLASS = YES_ERROR;
				CLANG_WARN_SUSPICIOUS_MOVE = YES;
				CLANG_WARN_UNREACHABLE_CODE = YES;
				CLANG_WARN__DUPLICATE_METHOD_MATCH = YES;
				"CODE_SIGN_IDENTITY[sdk=iphoneos*]" = "iPhone Developer";
				COPY_PHASE_STRIP = NO;
				DEBUG_INFORMATION_FORMAT = "dwarf-with-dsym";
				ENABLE_NS_ASSERTIONS = NO;
				ENABLE_STRICT_OBJC_MSGSEND = YES;
				GCC_C_LANGUAGE_STANDARD = gnu99;
				GCC_NO_COMMON_BLOCKS = YES;
				GCC_WARN_64_TO_32_BIT_CONVERSION = YES;
				GCC_WARN_ABOUT_RETURN_TYPE = YES_ERROR;
				GCC_WARN_UNDECLARED_SELECTOR = YES;
				GCC_WARN_UNINITIALIZED_AUTOS = YES_AGGRESSIVE;
				GCC_WARN_UNUSED_FUNCTION = YES;
				GCC_WARN_UNUSED_VARIABLE = YES;
				IPHONEOS_DEPLOYMENT_TARGET = 10.3;
				MTL_ENABLE_DEBUG_INFO = NO;
				SDKROOT = iphoneos;
				SWIFT_OPTIMIZATION_LEVEL = "-Owholemodule";
				VALIDATE_PRODUCT = YES;
			};
			name = Release;
		};
		48DAB6401ECAA2F3003BBA6C /* Debug */ = {
			isa = XCBuildConfiguration;
			buildSettings = {
				ASSETCATALOG_COMPILER_APPICON_NAME = AppIcon;
				INFOPLIST_FILE = ArrayExample/Info.plist;
				LD_RUNPATH_SEARCH_PATHS = "$(inherited) @executable_path/Frameworks";
				PRODUCT_BUNDLE_IDENTIFIER = jky.ArrayExample;
				PRODUCT_NAME = "$(TARGET_NAME)";
				SWIFT_VERSION = 3.0;
			};
			name = Debug;
		};
		48DAB6411ECAA2F3003BBA6C /* Release */ = {
			isa = XCBuildConfiguration;
			buildSettings = {
				ASSETCATALOG_COMPILER_APPICON_NAME = AppIcon;
				INFOPLIST_FILE = ArrayExample/Info.plist;
				LD_RUNPATH_SEARCH_PATHS = "$(inherited) @executable_path/Frameworks";
				PRODUCT_BUNDLE_IDENTIFIER = jky.ArrayExample;
				PRODUCT_NAME = "$(TARGET_NAME)";
				SWIFT_VERSION = 3.0;
			};
			name = Release;
		};
/* End XCBuildConfiguration section */

/* Begin XCConfigurationList section */
		48DAB6281ECAA2F3003BBA6C /* Build configuration list for PBXProject "ArrayExample" */ = {
			isa = XCConfigurationList;
			buildConfigurations = (
				48DAB63D1ECAA2F3003BBA6C /* Debug */,
				48DAB63E1ECAA2F3003BBA6C /* Release */,
			);
			defaultConfigurationIsVisible = 0;
			defaultConfigurationName = Release;
		};
		48DAB63F1ECAA2F3003BBA6C /* Build configuration list for PBXNativeTarget "ArrayExample" */ = {
			isa = XCConfigurationList;
			buildConfigurations = (
				48DAB6401ECAA2F3003BBA6C /* Debug */,
				48DAB6411ECAA2F3003BBA6C /* Release */,
			);
			defaultConfigurationIsVisible = 0;
		};
/* End XCConfigurationList section */
	};
	rootObject = 48DAB6251ECAA2F3003BBA6C /* Project object */;
}
