// !$*UTF8*$!
{
	archiveVersion = 1;
	classes = {
	};
	objectVersion = 46;
	objects = {

/* Begin PBXBuildFile section */
		485F0BFA1ED699870026C81F /* AppDelegate.swift in Sources */ = {isa = PBXBuildFile; fileRef = 485F0BF91ED699870026C81F /* AppDelegate.swift */; };
		485F0BFC1ED699870026C81F /* ViewController.swift in Sources */ = {isa = PBXBuildFile; fileRef = 485F0BFB1ED699870026C81F /* ViewController.swift */; };
		485F0BFF1ED699870026C81F /* Main.storyboard in Resources */ = {isa = PBXBuildFile; fileRef = 485F0BFD1ED699870026C81F /* Main.storyboard */; };
		485F0C011ED699870026C81F /* Assets.xcassets in Resources */ = {isa = PBXBuildFile; fileRef = 485F0C001ED699870026C81F /* Assets.xcassets */; };
		485F0C041ED699870026C81F /* LaunchScreen.storyboard in Resources */ = {isa = PBXBuildFile; fileRef = 485F0C021ED699870026C81F /* LaunchScreen.storyboard */; };
		485F0C0C1ED6A9070026C81F /* Test1.storyboard in Resources */ = {isa = PBXBuildFile; fileRef = 485F0C0B1ED6A9070026C81F /* Test1.storyboard */; };
		485F0C0E1ED6BE300026C81F /* Test2.storyboard in Resources */ = {isa = PBXBuildFile; fileRef = 485F0C0D1ED6BE300026C81F /* Test2.storyboard */; };
		485F0C101ED6C7F20026C81F /* Test3.storyboard in Resources */ = {isa = PBXBuildFile; fileRef = 485F0C0F1ED6C7F20026C81F /* Test3.storyboard */; };
		4875C2E21ED7BB67008A9708 /* Test4.storyboard in Resources */ = {isa = PBXBuildFile; fileRef = 4875C2E11ED7BB67008A9708 /* Test4.storyboard */; };
		4875C2E41ED7C660008A9708 /* Test5.storyboard in Resources */ = {isa = PBXBuildFile; fileRef = 4875C2E31ED7C660008A9708 /* Test5.storyboard */; };
/* End PBXBuildFile section */

/* Begin PBXFileReference section */
		485F0BF61ED699870026C81F /* AutoLayoutTest.app */ = {isa = PBXFileReference; explicitFileType = wrapper.application; includeInIndex = 0; path = AutoLayoutTest.app; sourceTree = BUILT_PRODUCTS_DIR; };
		485F0BF91ED699870026C81F /* AppDelegate.swift */ = {isa = PBXFileReference; lastKnownFileType = sourcecode.swift; path = AppDelegate.swift; sourceTree = "<group>"; };
		485F0BFB1ED699870026C81F /* ViewController.swift */ = {isa = PBXFileReference; lastKnownFileType = sourcecode.swift; path = ViewController.swift; sourceTree = "<group>"; };
		485F0BFE1ED699870026C81F /* Base */ = {isa = PBXFileReference; lastKnownFileType = file.storyboard; name = Base; path = Base.lproj/Main.storyboard; sourceTree = "<group>"; };
		485F0C001ED699870026C81F /* Assets.xcassets */ = {isa = PBXFileReference; lastKnownFileType = folder.assetcatalog; path = Assets.xcassets; sourceTree = "<group>"; };
		485F0C031ED699870026C81F /* Base */ = {isa = PBXFileReference; lastKnownFileType = file.storyboard; name = Base; path = Base.lproj/LaunchScreen.storyboard; sourceTree = "<group>"; };
		485F0C051ED699870026C81F /* Info.plist */ = {isa = PBXFileReference; lastKnownFileType = text.plist.xml; path = Info.plist; sourceTree = "<group>"; };
		485F0C0B1ED6A9070026C81F /* Test1.storyboard */ = {isa = PBXFileReference; fileEncoding = 4; lastKnownFileType = file.storyboard; path = Test1.storyboard; sourceTree = "<group>"; };
		485F0C0D1ED6BE300026C81F /* Test2.storyboard */ = {isa = PBXFileReference; fileEncoding = 4; lastKnownFileType = file.storyboard; path = Test2.storyboard; sourceTree = "<group>"; };
		485F0C0F1ED6C7F20026C81F /* Test3.storyboard */ = {isa = PBXFileReference; fileEncoding = 4; lastKnownFileType = file.storyboard; path = Test3.storyboard; sourceTree = "<group>"; };
		4875C2E11ED7BB67008A9708 /* Test4.storyboard */ = {isa = PBXFileReference; fileEncoding = 4; lastKnownFileType = file.storyboard; path = Test4.storyboard; sourceTree = "<group>"; };
		4875C2E31ED7C660008A9708 /* Test5.storyboard */ = {isa = PBXFileReference; fileEncoding = 4; lastKnownFileType = file.storyboard; path = Test5.storyboard; sourceTree = "<group>"; };
/* End PBXFileReference section */

/* Begin PBXFrameworksBuildPhase section */
		485F0BF31ED699870026C81F /* Frameworks */ = {
			isa = PBXFrameworksBuildPhase;
			buildActionMask = 2147483647;
			files = (
			);
			runOnlyForDeploymentPostprocessing = 0;
		};
/* End PBXFrameworksBuildPhase section */

/* Begin PBXGroup section */
		485F0BED1ED699870026C81F = {
			isa = PBXGroup;
			children = (
				485F0BF81ED699870026C81F /* AutoLayoutTest */,
				485F0BF71ED699870026C81F /* Products */,
			);
			sourceTree = "<group>";
		};
		485F0BF71ED699870026C81F /* Products */ = {
			isa = PBXGroup;
			children = (
				485F0BF61ED699870026C81F /* AutoLayoutTest.app */,
			);
			name = Products;
			sourceTree = "<group>";
		};
		485F0BF81ED699870026C81F /* AutoLayoutTest */ = {
			isa = PBXGroup;
			children = (
				485F0BF91ED699870026C81F /* AppDelegate.swift */,
				485F0BFB1ED699870026C81F /* ViewController.swift */,
				485F0BFD1ED699870026C81F /* Main.storyboard */,
				485F0C0B1ED6A9070026C81F /* Test1.storyboard */,
				485F0C001ED699870026C81F /* Assets.xcassets */,
				485F0C021ED699870026C81F /* LaunchScreen.storyboard */,
				485F0C051ED699870026C81F /* Info.plist */,
				485F0C0D1ED6BE300026C81F /* Test2.storyboard */,
				485F0C0F1ED6C7F20026C81F /* Test3.storyboard */,
				4875C2E11ED7BB67008A9708 /* Test4.storyboard */,
				4875C2E31ED7C660008A9708 /* Test5.storyboard */,
			);
			path = AutoLayoutTest;
			sourceTree = "<group>";
		};
/* End PBXGroup section */

/* Begin PBXNativeTarget section */
		485F0BF51ED699870026C81F /* AutoLayoutTest */ = {
			isa = PBXNativeTarget;
			buildConfigurationList = 485F0C081ED699870026C81F /* Build configuration list for PBXNativeTarget "AutoLayoutTest" */;
			buildPhases = (
				485F0BF21ED699870026C81F /* Sources */,
				485F0BF31ED699870026C81F /* Frameworks */,
				485F0BF41ED699870026C81F /* Resources */,
			);
			buildRules = (
			);
			dependencies = (
			);
			name = AutoLayoutTest;
			productName = AutoLayoutTest;
			productReference = 485F0BF61ED699870026C81F /* AutoLayoutTest.app */;
			productType = "com.apple.product-type.application";
		};
/* End PBXNativeTarget section */

/* Begin PBXProject section */
		485F0BEE1ED699870026C81F /* Project object */ = {
			isa = PBXProject;
			attributes = {
				LastSwiftUpdateCheck = 0830;
				LastUpgradeCheck = 0830;
				ORGANIZATIONNAME = "정교윤";
				TargetAttributes = {
					485F0BF51ED699870026C81F = {
						CreatedOnToolsVersion = 8.3.2;
						ProvisioningStyle = Automatic;
					};
				};
			};
			buildConfigurationList = 485F0BF11ED699870026C81F /* Build configuration list for PBXProject "AutoLayoutTest" */;
			compatibilityVersion = "Xcode 3.2";
			developmentRegion = English;
			hasScannedForEncodings = 0;
			knownRegions = (
				en,
				Base,
			);
			mainGroup = 485F0BED1ED699870026C81F;
			productRefGroup = 485F0BF71ED699870026C81F /* Products */;
			projectDirPath = "";
			projectRoot = "";
			targets = (
				485F0BF51ED699870026C81F /* AutoLayoutTest */,
			);
		};
/* End PBXProject section */

/* Begin PBXResourcesBuildPhase section */
		485F0BF41ED699870026C81F /* Resources */ = {
			isa = PBXResourcesBuildPhase;
			buildActionMask = 2147483647;
			files = (
				4875C2E21ED7BB67008A9708 /* Test4.storyboard in Resources */,
				485F0C101ED6C7F20026C81F /* Test3.storyboard in Resources */,
				485F0C0C1ED6A9070026C81F /* Test1.storyboard in Resources */,
				485F0C041ED699870026C81F /* LaunchScreen.storyboard in Resources */,
				4875C2E41ED7C660008A9708 /* Test5.storyboard in Resources */,
				485F0C011ED699870026C81F /* Assets.xcassets in Resources */,
				485F0BFF1ED699870026C81F /* Main.storyboard in Resources */,
				485F0C0E1ED6BE300026C81F /* Test2.storyboard in Resources */,
			);
			runOnlyForDeploymentPostprocessing = 0;
		};
/* End PBXResourcesBuildPhase section */

/* Begin PBXSourcesBuildPhase section */
		485F0BF21ED699870026C81F /* Sources */ = {
			isa = PBXSourcesBuildPhase;
			buildActionMask = 2147483647;
			files = (
				485F0BFC1ED699870026C81F /* ViewController.swift in Sources */,
				485F0BFA1ED699870026C81F /* AppDelegate.swift in Sources */,
			);
			runOnlyForDeploymentPostprocessing = 0;
		};
/* End PBXSourcesBuildPhase section */

/* Begin PBXVariantGroup section */
		485F0BFD1ED699870026C81F /* Main.storyboard */ = {
			isa = PBXVariantGroup;
			children = (
				485F0BFE1ED699870026C81F /* Base */,
			);
			name = Main.storyboard;
			sourceTree = "<group>";
		};
		485F0C021ED699870026C81F /* LaunchScreen.storyboard */ = {
			isa = PBXVariantGroup;
			children = (
				485F0C031ED699870026C81F /* Base */,
			);
			name = LaunchScreen.storyboard;
			sourceTree = "<group>";
		};
/* End PBXVariantGroup section */

/* Begin XCBuildConfiguration section */
		485F0C061ED699870026C81F /* Debug */ = {
			isa = XCBuildConfiguration;
			buildSettings = {
				ALWAYS_SEARCH_USER_PATHS = NO;
				CLANG_ANALYZER_NONNULL = YES;
				CLANG_ANALYZER_NUMBER_OBJECT_CONVERSION = YES_AGGRESSIVE;
				CLANG_CXX_LANGUAGE_STANDARD = "gnu++0x";
				CLANG_CXX_LIBRARY = "libc++";
				CLANG_ENABLE_MODULES = YES;
				CLANG_ENABLE_OBJC_ARC = YES;
				CLANG_WARN_BOOL_CONVERSION = YES;
				CLANG_WARN_CONSTANT_CONVERSION = YES;
				CLANG_WARN_DIRECT_OBJC_ISA_USAGE = YES_ERROR;
				CLANG_WARN_DOCUMENTATION_COMMENTS = YES;
				CLANG_WARN_EMPTY_BODY = YES;
				CLANG_WARN_ENUM_CONVERSION = YES;
				CLANG_WARN_INFINITE_RECURSION = YES;
				CLANG_WARN_INT_CONVERSION = YES;
				CLANG_WARN_OBJC_ROOT_CLASS = YES_ERROR;
				CLANG_WARN_SUSPICIOUS_MOVE = YES;
				CLANG_WARN_UNREACHABLE_CODE = YES;
				CLANG_WARN__DUPLICATE_METHOD_MATCH = YES;
				"CODE_SIGN_IDENTITY[sdk=iphoneos*]" = "iPhone Developer";
				COPY_PHASE_STRIP = NO;
				DEBUG_INFORMATION_FORMAT = dwarf;
				ENABLE_STRICT_OBJC_MSGSEND = YES;
				ENABLE_TESTABILITY = YES;
				GCC_C_LANGUAGE_STANDARD = gnu99;
				GCC_DYNAMIC_NO_PIC = NO;
				GCC_NO_COMMON_BLOCKS = YES;
				GCC_OPTIMIZATION_LEVEL = 0;
				GCC_PREPROCESSOR_DEFINITIONS = (
					"DEBUG=1",
					"$(inherited)",
				);
				GCC_WARN_64_TO_32_BIT_CONVERSION = YES;
				GCC_WARN_ABOUT_RETURN_TYPE = YES_ERROR;
				GCC_WARN_UNDECLARED_SELECTOR = YES;
				GCC_WARN_UNINITIALIZED_AUTOS = YES_AGGRESSIVE;
				GCC_WARN_UNUSED_FUNCTION = YES;
				GCC_WARN_UNUSED_VARIABLE = YES;
				IPHONEOS_DEPLOYMENT_TARGET = 10.3;
				MTL_ENABLE_DEBUG_INFO = YES;
				ONLY_ACTIVE_ARCH = YES;
				SDKROOT = iphoneos;
				SWIFT_ACTIVE_COMPILATION_CONDITIONS = DEBUG;
				SWIFT_OPTIMIZATION_LEVEL = "-Onone";
			};
			name = Debug;
		};
		485F0C071ED699870026C81F /* Release */ = {
			isa = XCBuildConfiguration;
			buildSettings = {
				ALWAYS_SEARCH_USER_PATHS = NO;
				CLANG_ANALYZER_NONNULL = YES;
				CLANG_ANALYZER_NUMBER_OBJECT_CONVERSION = YES_AGGRESSIVE;
				CLANG_CXX_LANGUAGE_STANDARD = "gnu++0x";
				CLANG_CXX_LIBRARY = "libc++";
				CLANG_ENABLE_MODULES = YES;
				CLANG_ENABLE_OBJC_ARC = YES;
				CLANG_WARN_BOOL_CONVERSION = YES;
				CLANG_WARN_CONSTANT_CONVERSION = YES;
				CLANG_WARN_DIRECT_OBJC_ISA_USAGE = YES_ERROR;
				CLANG_WARN_DOCUMENTATION_COMMENTS = YES;
				CLANG_WARN_EMPTY_BODY = YES;
				CLANG_WARN_ENUM_CONVERSION = YES;
				CLANG_WARN_INFINITE_RECURSION = YES;
				CLANG_WARN_INT_CONVERSION = YES;
				CLANG_WARN_OBJC_ROOT_CLASS = YES_ERROR;
				CLANG_WARN_SUSPICIOUS_MOVE = YES;
				CLANG_WARN_UNREACHABLE_CODE = YES;
				CLANG_WARN__DUPLICATE_METHOD_MATCH = YES;
				"CODE_SIGN_IDENTITY[sdk=iphoneos*]" = "iPhone Developer";
				COPY_PHASE_STRIP = NO;
				DEBUG_INFORMATION_FORMAT = "dwarf-with-dsym";
				ENABLE_NS_ASSERTIONS = NO;
				ENABLE_STRICT_OBJC_MSGSEND = YES;
				GCC_C_LANGUAGE_STANDARD = gnu99;
				GCC_NO_COMMON_BLOCKS = YES;
				GCC_WARN_64_TO_32_BIT_CONVERSION = YES;
				GCC_WARN_ABOUT_RETURN_TYPE = YES_ERROR;
				GCC_WARN_UNDECLARED_SELECTOR = YES;
				GCC_WARN_UNINITIALIZED_AUTOS = YES_AGGRESSIVE;
				GCC_WARN_UNUSED_FUNCTION = YES;
				GCC_WARN_UNUSED_VARIABLE = YES;
				IPHONEOS_DEPLOYMENT_TARGET = 10.3;
				MTL_ENABLE_DEBUG_INFO = NO;
				SDKROOT = iphoneos;
				SWIFT_OPTIMIZATION_LEVEL = "-Owholemodule";
				VALIDATE_PRODUCT = YES;
			};
			name = Release;
		};
		485F0C091ED699870026C81F /* Debug */ = {
			isa = XCBuildConfiguration;
			buildSettings = {
				ASSETCATALOG_COMPILER_APPICON_NAME = AppIcon;
				INFOPLIST_FILE = AutoLayoutTest/Info.plist;
				LD_RUNPATH_SEARCH_PATHS = "$(inherited) @executable_path/Frameworks";
				PRODUCT_BUNDLE_IDENTIFIER = jky.AutoLayoutTest;
				PRODUCT_NAME = "$(TARGET_NAME)";
				SWIFT_VERSION = 3.0;
			};
			name = Debug;
		};
		485F0C0A1ED699870026C81F /* Release */ = {
			isa = XCBuildConfiguration;
			buildSettings = {
				ASSETCATALOG_COMPILER_APPICON_NAME = AppIcon;
				INFOPLIST_FILE = AutoLayoutTest/Info.plist;
				LD_RUNPATH_SEARCH_PATHS = "$(inherited) @executable_path/Frameworks";
				PRODUCT_BUNDLE_IDENTIFIER = jky.AutoLayoutTest;
				PRODUCT_NAME = "$(TARGET_NAME)";
				SWIFT_VERSION = 3.0;
			};
			name = Release;
		};
/* End XCBuildConfiguration section */

/* Begin XCConfigurationList section */
		485F0BF11ED699870026C81F /* Build configuration list for PBXProject "AutoLayoutTest" */ = {
			isa = XCConfigurationList;
			buildConfigurations = (
				485F0C061ED699870026C81F /* Debug */,
				485F0C071ED699870026C81F /* Release */,
			);
			defaultConfigurationIsVisible = 0;
			defaultConfigurationName = Release;
		};
		485F0C081ED699870026C81F /* Build configuration list for PBXNativeTarget "AutoLayoutTest" */ = {
			isa = XCConfigurationList;
			buildConfigurations = (
				485F0C091ED699870026C81F /* Debug */,
				485F0C0A1ED699870026C81F /* Release */,
			);
			defaultConfigurationIsVisible = 0;
			defaultConfigurationName = Release;
		};
/* End XCConfigurationList section */
	};
	rootObject = 485F0BEE1ED699870026C81F /* Project object */;
}
