// !$*UTF8*$!
{
	archiveVersion = 1;
	classes = {
	};
	objectVersion = 46;
	objects = {

/* Begin PBXBuildFile section */
		48F1D0241F0B25F400EBF121 /* AppDelegate.swift in Sources */ = {isa = PBXBuildFile; fileRef = 48F1D0231F0B25F400EBF121 /* AppDelegate.swift */; };
		48F1D0261F0B25F400EBF121 /* ViewController.swift in Sources */ = {isa = PBXBuildFile; fileRef = 48F1D0251F0B25F400EBF121 /* ViewController.swift */; };
		48F1D0291F0B25F400EBF121 /* Main.storyboard in Resources */ = {isa = PBXBuildFile; fileRef = 48F1D0271F0B25F400EBF121 /* Main.storyboard */; };
		48F1D02B1F0B25F400EBF121 /* Assets.xcassets in Resources */ = {isa = PBXBuildFile; fileRef = 48F1D02A1F0B25F400EBF121 /* Assets.xcassets */; };
		48F1D02E1F0B25F400EBF121 /* LaunchScreen.storyboard in Resources */ = {isa = PBXBuildFile; fileRef = 48F1D02C1F0B25F400EBF121 /* LaunchScreen.storyboard */; };
/* End PBXBuildFile section */

/* Begin PBXFileReference section */
		48F1D0201F0B25F400EBF121 /* UIImagePickerTest.app */ = {isa = PBXFileReference; explicitFileType = wrapper.application; includeInIndex = 0; path = UIImagePickerTest.app; sourceTree = BUILT_PRODUCTS_DIR; };
		48F1D0231F0B25F400EBF121 /* AppDelegate.swift */ = {isa = PBXFileReference; lastKnownFileType = sourcecode.swift; path = AppDelegate.swift; sourceTree = "<group>"; };
		48F1D0251F0B25F400EBF121 /* ViewController.swift */ = {isa = PBXFileReference; lastKnownFileType = sourcecode.swift; path = ViewController.swift; sourceTree = "<group>"; };
		48F1D0281F0B25F400EBF121 /* Base */ = {isa = PBXFileReference; lastKnownFileType = file.storyboard; name = Base; path = Base.lproj/Main.storyboard; sourceTree = "<group>"; };
		48F1D02A1F0B25F400EBF121 /* Assets.xcassets */ = {isa = PBXFileReference; lastKnownFileType = folder.assetcatalog; path = Assets.xcassets; sourceTree = "<group>"; };
		48F1D02D1F0B25F400EBF121 /* Base */ = {isa = PBXFileReference; lastKnownFileType = file.storyboard; name = Base; path = Base.lproj/LaunchScreen.storyboard; sourceTree = "<group>"; };
		48F1D02F1F0B25F400EBF121 /* Info.plist */ = {isa = PBXFileReference; lastKnownFileType = text.plist.xml; path = Info.plist; sourceTree = "<group>"; };
/* End PBXFileReference section */

/* Begin PBXFrameworksBuildPhase section */
		48F1D01D1F0B25F400EBF121 /* Frameworks */ = {
			isa = PBXFrameworksBuildPhase;
			buildActionMask = 2147483647;
			files = (
			);
			runOnlyForDeploymentPostprocessing = 0;
		};
/* End PBXFrameworksBuildPhase section */

/* Begin PBXGroup section */
		48F1D0171F0B25F300EBF121 = {
			isa = PBXGroup;
			children = (
				48F1D0221F0B25F400EBF121 /* UIImagePickerTest */,
				48F1D0211F0B25F400EBF121 /* Products */,
			);
			sourceTree = "<group>";
		};
		48F1D0211F0B25F400EBF121 /* Products */ = {
			isa = PBXGroup;
			children = (
				48F1D0201F0B25F400EBF121 /* UIImagePickerTest.app */,
			);
			name = Products;
			sourceTree = "<group>";
		};
		48F1D0221F0B25F400EBF121 /* UIImagePickerTest */ = {
			isa = PBXGroup;
			children = (
				48F1D0231F0B25F400EBF121 /* AppDelegate.swift */,
				48F1D0251F0B25F400EBF121 /* ViewController.swift */,
				48F1D0271F0B25F400EBF121 /* Main.storyboard */,
				48F1D02A1F0B25F400EBF121 /* Assets.xcassets */,
				48F1D02C1F0B25F400EBF121 /* LaunchScreen.storyboard */,
				48F1D02F1F0B25F400EBF121 /* Info.plist */,
			);
			path = UIImagePickerTest;
			sourceTree = "<group>";
		};
/* End PBXGroup section */

/* Begin PBXNativeTarget section */
		48F1D01F1F0B25F400EBF121 /* UIImagePickerTest */ = {
			isa = PBXNativeTarget;
			buildConfigurationList = 48F1D0321F0B25F400EBF121 /* Build configuration list for PBXNativeTarget "UIImagePickerTest" */;
			buildPhases = (
				48F1D01C1F0B25F400EBF121 /* Sources */,
				48F1D01D1F0B25F400EBF121 /* Frameworks */,
				48F1D01E1F0B25F400EBF121 /* Resources */,
			);
			buildRules = (
			);
			dependencies = (
			);
			name = UIImagePickerTest;
			productName = UIImagePickerTest;
			productReference = 48F1D0201F0B25F400EBF121 /* UIImagePickerTest.app */;
			productType = "com.apple.product-type.application";
		};
/* End PBXNativeTarget section */

/* Begin PBXProject section */
		48F1D0181F0B25F300EBF121 /* Project object */ = {
			isa = PBXProject;
			attributes = {
				LastSwiftUpdateCheck = 0830;
				LastUpgradeCheck = 0830;
				ORGANIZATIONNAME = "정교윤";
				TargetAttributes = {
					48F1D01F1F0B25F400EBF121 = {
						CreatedOnToolsVersion = 8.3.3;
						ProvisioningStyle = Automatic;
					};
				};
			};
			buildConfigurationList = 48F1D01B1F0B25F300EBF121 /* Build configuration list for PBXProject "UIImagePickerTest" */;
			compatibilityVersion = "Xcode 3.2";
			developmentRegion = English;
			hasScannedForEncodings = 0;
			knownRegions = (
				en,
				Base,
			);
			mainGroup = 48F1D0171F0B25F300EBF121;
			productRefGroup = 48F1D0211F0B25F400EBF121 /* Products */;
			projectDirPath = "";
			projectRoot = "";
			targets = (
				48F1D01F1F0B25F400EBF121 /* UIImagePickerTest */,
			);
		};
/* End PBXProject section */

/* Begin PBXResourcesBuildPhase section */
		48F1D01E1F0B25F400EBF121 /* Resources */ = {
			isa = PBXResourcesBuildPhase;
			buildActionMask = 2147483647;
			files = (
				48F1D02E1F0B25F400EBF121 /* LaunchScreen.storyboard in Resources */,
				48F1D02B1F0B25F400EBF121 /* Assets.xcassets in Resources */,
				48F1D0291F0B25F400EBF121 /* Main.storyboard in Resources */,
			);
			runOnlyForDeploymentPostprocessing = 0;
		};
/* End PBXResourcesBuildPhase section */

/* Begin PBXSourcesBuildPhase section */
		48F1D01C1F0B25F400EBF121 /* Sources */ = {
			isa = PBXSourcesBuildPhase;
			buildActionMask = 2147483647;
			files = (
				48F1D0261F0B25F400EBF121 /* ViewController.swift in Sources */,
				48F1D0241F0B25F400EBF121 /* AppDelegate.swift in Sources */,
			);
			runOnlyForDeploymentPostprocessing = 0;
		};
/* End PBXSourcesBuildPhase section */

/* Begin PBXVariantGroup section */
		48F1D0271F0B25F400EBF121 /* Main.storyboard */ = {
			isa = PBXVariantGroup;
			children = (
				48F1D0281F0B25F400EBF121 /* Base */,
			);
			name = Main.storyboard;
			sourceTree = "<group>";
		};
		48F1D02C1F0B25F400EBF121 /* LaunchScreen.storyboard */ = {
			isa = PBXVariantGroup;
			children = (
				48F1D02D1F0B25F400EBF121 /* Base */,
			);
			name = LaunchScreen.storyboard;
			sourceTree = "<group>";
		};
/* End PBXVariantGroup section */

/* Begin XCBuildConfiguration section */
		48F1D0301F0B25F400EBF121 /* Debug */ = {
			isa = XCBuildConfiguration;
			buildSettings = {
				ALWAYS_SEARCH_USER_PATHS = NO;
				CLANG_ANALYZER_NONNULL = YES;
				CLANG_ANALYZER_NUMBER_OBJECT_CONVERSION = YES_AGGRESSIVE;
				CLANG_CXX_LANGUAGE_STANDARD = "gnu++0x";
				CLANG_CXX_LIBRARY = "libc++";
				CLANG_ENABLE_MODULES = YES;
				CLANG_ENABLE_OBJC_ARC = YES;
				CLANG_WARN_BOOL_CONVERSION = YES;
				CLANG_WARN_CONSTANT_CONVERSION = YES;
				CLANG_WARN_DIRECT_OBJC_ISA_USAGE = YES_ERROR;
				CLANG_WARN_DOCUMENTATION_COMMENTS = YES;
				CLANG_WARN_EMPTY_BODY = YES;
				CLANG_WARN_ENUM_CONVERSION = YES;
				CLANG_WARN_INFINITE_RECURSION = YES;
				CLANG_WARN_INT_CONVERSION = YES;
				CLANG_WARN_OBJC_ROOT_CLASS = YES_ERROR;
				CLANG_WARN_SUSPICIOUS_MOVE = YES;
				CLANG_WARN_UNREACHABLE_CODE = YES;
				CLANG_WARN__DUPLICATE_METHOD_MATCH = YES;
				"CODE_SIGN_IDENTITY[sdk=iphoneos*]" = "iPhone Developer";
				COPY_PHASE_STRIP = NO;
				DEBUG_INFORMATION_FORMAT = dwarf;
				ENABLE_STRICT_OBJC_MSGSEND = YES;
				ENABLE_TESTABILITY = YES;
				GCC_C_LANGUAGE_STANDARD = gnu99;
				GCC_DYNAMIC_NO_PIC = NO;
				GCC_NO_COMMON_BLOCKS = YES;
				GCC_OPTIMIZATION_LEVEL = 0;
				GCC_PREPROCESSOR_DEFINITIONS = (
					"DEBUG=1",
					"$(inherited)",
				);
				GCC_WARN_64_TO_32_BIT_CONVERSION = YES;
				GCC_WARN_ABOUT_RETURN_TYPE = YES_ERROR;
				GCC_WARN_UNDECLARED_SELECTOR = YES;
				GCC_WARN_UNINITIALIZED_AUTOS = YES_AGGRESSIVE;
				GCC_WARN_UNUSED_FUNCTION = YES;
				GCC_WARN_UNUSED_VARIABLE = YES;
				IPHONEOS_DEPLOYMENT_TARGET = 10.3;
				MTL_ENABLE_DEBUG_INFO = YES;
				ONLY_ACTIVE_ARCH = YES;
				SDKROOT = iphoneos;
				SWIFT_ACTIVE_COMPILATION_CONDITIONS = DEBUG;
				SWIFT_OPTIMIZATION_LEVEL = "-Onone";
			};
			name = Debug;
		};
		48F1D0311F0B25F400EBF121 /* Release */ = {
			isa = XCBuildConfiguration;
			buildSettings = {
				ALWAYS_SEARCH_USER_PATHS = NO;
				CLANG_ANALYZER_NONNULL = YES;
				CLANG_ANALYZER_NUMBER_OBJECT_CONVERSION = YES_AGGRESSIVE;
				CLANG_CXX_LANGUAGE_STANDARD = "gnu++0x";
				CLANG_CXX_LIBRARY = "libc++";
				CLANG_ENABLE_MODULES = YES;
				CLANG_ENABLE_OBJC_ARC = YES;
				CLANG_WARN_BOOL_CONVERSION = YES;
				CLANG_WARN_CONSTANT_CONVERSION = YES;
				CLANG_WARN_DIRECT_OBJC_ISA_USAGE = YES_ERROR;
				CLANG_WARN_DOCUMENTATION_COMMENTS = YES;
				CLANG_WARN_EMPTY_BODY = YES;
				CLANG_WARN_ENUM_CONVERSION = YES;
				CLANG_WARN_INFINITE_RECURSION = YES;
				CLANG_WARN_INT_CONVERSION = YES;
				CLANG_WARN_OBJC_ROOT_CLASS = YES_ERROR;
				CLANG_WARN_SUSPICIOUS_MOVE = YES;
				CLANG_WARN_UNREACHABLE_CODE = YES;
				CLANG_WARN__DUPLICATE_METHOD_MATCH = YES;
				"CODE_SIGN_IDENTITY[sdk=iphoneos*]" = "iPhone Developer";
				COPY_PHASE_STRIP = NO;
				DEBUG_INFORMATION_FORMAT = "dwarf-with-dsym";
				ENABLE_NS_ASSERTIONS = NO;
				ENABLE_STRICT_OBJC_MSGSEND = YES;
				GCC_C_LANGUAGE_STANDARD = gnu99;
				GCC_NO_COMMON_BLOCKS = YES;
				GCC_WARN_64_TO_32_BIT_CONVERSION = YES;
				GCC_WARN_ABOUT_RETURN_TYPE = YES_ERROR;
				GCC_WARN_UNDECLARED_SELECTOR = YES;
				GCC_WARN_UNINITIALIZED_AUTOS = YES_AGGRESSIVE;
				GCC_WARN_UNUSED_FUNCTION = YES;
				GCC_WARN_UNUSED_VARIABLE = YES;
				IPHONEOS_DEPLOYMENT_TARGET = 10.3;
				MTL_ENABLE_DEBUG_INFO = NO;
				SDKROOT = iphoneos;
				SWIFT_OPTIMIZATION_LEVEL = "-Owholemodule";
				VALIDATE_PRODUCT = YES;
			};
			name = Release;
		};
		48F1D0331F0B25F400EBF121 /* Debug */ = {
			isa = XCBuildConfiguration;
			buildSettings = {
				ASSETCATALOG_COMPILER_APPICON_NAME = AppIcon;
				INFOPLIST_FILE = UIImagePickerTest/Info.plist;
				LD_RUNPATH_SEARCH_PATHS = "$(inherited) @executable_path/Frameworks";
				PRODUCT_BUNDLE_IDENTIFIER = com.jky.UIImagePickerTest;
				PRODUCT_NAME = "$(TARGET_NAME)";
				SWIFT_VERSION = 3.0;
			};
			name = Debug;
		};
		48F1D0341F0B25F400EBF121 /* Release */ = {
			isa = XCBuildConfiguration;
			buildSettings = {
				ASSETCATALOG_COMPILER_APPICON_NAME = AppIcon;
				INFOPLIST_FILE = UIImagePickerTest/Info.plist;
				LD_RUNPATH_SEARCH_PATHS = "$(inherited) @executable_path/Frameworks";
				PRODUCT_BUNDLE_IDENTIFIER = com.jky.UIImagePickerTest;
				PRODUCT_NAME = "$(TARGET_NAME)";
				SWIFT_VERSION = 3.0;
			};
			name = Release;
		};
/* End XCBuildConfiguration section */

/* Begin XCConfigurationList section */
		48F1D01B1F0B25F300EBF121 /* Build configuration list for PBXProject "UIImagePickerTest" */ = {
			isa = XCConfigurationList;
			buildConfigurations = (
				48F1D0301F0B25F400EBF121 /* Debug */,
				48F1D0311F0B25F400EBF121 /* Release */,
			);
			defaultConfigurationIsVisible = 0;
			defaultConfigurationName = Release;
		};
		48F1D0321F0B25F400EBF121 /* Build configuration list for PBXNativeTarget "UIImagePickerTest" */ = {
			isa = XCConfigurationList;
			buildConfigurations = (
				48F1D0331F0B25F400EBF121 /* Debug */,
				48F1D0341F0B25F400EBF121 /* Release */,
			);
			defaultConfigurationIsVisible = 0;
		};
/* End XCConfigurationList section */
	};
	rootObject = 48F1D0181F0B25F300EBF121 /* Project object */;
}
