// !$*UTF8*$!
{
	archiveVersion = 1;
	classes = {
	};
	objectVersion = 46;
	objects = {

/* Begin PBXBuildFile section */
		4829F3EC1EEFC16200497BAF /* AppDelegate.swift in Sources */ = {isa = PBXBuildFile; fileRef = 4829F3EB1EEFC16200497BAF /* AppDelegate.swift */; };
		4829F3EE1EEFC16200497BAF /* ViewController.swift in Sources */ = {isa = PBXBuildFile; fileRef = 4829F3ED1EEFC16200497BAF /* ViewController.swift */; };
		4829F3F11EEFC16200497BAF /* Main.storyboard in Resources */ = {isa = PBXBuildFile; fileRef = 4829F3EF1EEFC16200497BAF /* Main.storyboard */; };
		4829F3F31EEFC16200497BAF /* Assets.xcassets in Resources */ = {isa = PBXBuildFile; fileRef = 4829F3F21EEFC16200497BAF /* Assets.xcassets */; };
		4829F3F61EEFC16200497BAF /* LaunchScreen.storyboard in Resources */ = {isa = PBXBuildFile; fileRef = 4829F3F41EEFC16200497BAF /* LaunchScreen.storyboard */; };
/* End PBXBuildFile section */

/* Begin PBXFileReference section */
		4829F3E81EEFC16200497BAF /* PropertiesTest.app */ = {isa = PBXFileReference; explicitFileType = wrapper.application; includeInIndex = 0; path = PropertiesTest.app; sourceTree = BUILT_PRODUCTS_DIR; };
		4829F3EB1EEFC16200497BAF /* AppDelegate.swift */ = {isa = PBXFileReference; lastKnownFileType = sourcecode.swift; path = AppDelegate.swift; sourceTree = "<group>"; };
		4829F3ED1EEFC16200497BAF /* ViewController.swift */ = {isa = PBXFileReference; lastKnownFileType = sourcecode.swift; path = ViewController.swift; sourceTree = "<group>"; };
		4829F3F01EEFC16200497BAF /* Base */ = {isa = PBXFileReference; lastKnownFileType = file.storyboard; name = Base; path = Base.lproj/Main.storyboard; sourceTree = "<group>"; };
		4829F3F21EEFC16200497BAF /* Assets.xcassets */ = {isa = PBXFileReference; lastKnownFileType = folder.assetcatalog; path = Assets.xcassets; sourceTree = "<group>"; };
		4829F3F51EEFC16200497BAF /* Base */ = {isa = PBXFileReference; lastKnownFileType = file.storyboard; name = Base; path = Base.lproj/LaunchScreen.storyboard; sourceTree = "<group>"; };
		4829F3F71EEFC16200497BAF /* Info.plist */ = {isa = PBXFileReference; lastKnownFileType = text.plist.xml; path = Info.plist; sourceTree = "<group>"; };
/* End PBXFileReference section */

/* Begin PBXFrameworksBuildPhase section */
		4829F3E51EEFC16200497BAF /* Frameworks */ = {
			isa = PBXFrameworksBuildPhase;
			buildActionMask = 2147483647;
			files = (
			);
			runOnlyForDeploymentPostprocessing = 0;
		};
/* End PBXFrameworksBuildPhase section */

/* Begin PBXGroup section */
		4829F3DF1EEFC16200497BAF = {
			isa = PBXGroup;
			children = (
				4829F3EA1EEFC16200497BAF /* PropertiesTest */,
				4829F3E91EEFC16200497BAF /* Products */,
			);
			sourceTree = "<group>";
		};
		4829F3E91EEFC16200497BAF /* Products */ = {
			isa = PBXGroup;
			children = (
				4829F3E81EEFC16200497BAF /* PropertiesTest.app */,
			);
			name = Products;
			sourceTree = "<group>";
		};
		4829F3EA1EEFC16200497BAF /* PropertiesTest */ = {
			isa = PBXGroup;
			children = (
				4829F3EB1EEFC16200497BAF /* AppDelegate.swift */,
				4829F3ED1EEFC16200497BAF /* ViewController.swift */,
				4829F3EF1EEFC16200497BAF /* Main.storyboard */,
				4829F3F21EEFC16200497BAF /* Assets.xcassets */,
				4829F3F41EEFC16200497BAF /* LaunchScreen.storyboard */,
				4829F3F71EEFC16200497BAF /* Info.plist */,
			);
			path = PropertiesTest;
			sourceTree = "<group>";
		};
/* End PBXGroup section */

/* Begin PBXNativeTarget section */
		4829F3E71EEFC16200497BAF /* PropertiesTest */ = {
			isa = PBXNativeTarget;
			buildConfigurationList = 4829F3FA1EEFC16200497BAF /* Build configuration list for PBXNativeTarget "PropertiesTest" */;
			buildPhases = (
				4829F3E41EEFC16200497BAF /* Sources */,
				4829F3E51EEFC16200497BAF /* Frameworks */,
				4829F3E61EEFC16200497BAF /* Resources */,
			);
			buildRules = (
			);
			dependencies = (
			);
			name = PropertiesTest;
			productName = PropertiesTest;
			productReference = 4829F3E81EEFC16200497BAF /* PropertiesTest.app */;
			productType = "com.apple.product-type.application";
		};
/* End PBXNativeTarget section */

/* Begin PBXProject section */
		4829F3E01EEFC16200497BAF /* Project object */ = {
			isa = PBXProject;
			attributes = {
				LastSwiftUpdateCheck = 0830;
				LastUpgradeCheck = 0830;
				ORGANIZATIONNAME = "정교윤";
				TargetAttributes = {
					4829F3E71EEFC16200497BAF = {
						CreatedOnToolsVersion = 8.3.3;
						ProvisioningStyle = Automatic;
					};
				};
			};
			buildConfigurationList = 4829F3E31EEFC16200497BAF /* Build configuration list for PBXProject "PropertiesTest" */;
			compatibilityVersion = "Xcode 3.2";
			developmentRegion = English;
			hasScannedForEncodings = 0;
			knownRegions = (
				en,
				Base,
			);
			mainGroup = 4829F3DF1EEFC16200497BAF;
			productRefGroup = 4829F3E91EEFC16200497BAF /* Products */;
			projectDirPath = "";
			projectRoot = "";
			targets = (
				4829F3E71EEFC16200497BAF /* PropertiesTest */,
			);
		};
/* End PBXProject section */

/* Begin PBXResourcesBuildPhase section */
		4829F3E61EEFC16200497BAF /* Resources */ = {
			isa = PBXResourcesBuildPhase;
			buildActionMask = 2147483647;
			files = (
				4829F3F61EEFC16200497BAF /* LaunchScreen.storyboard in Resources */,
				4829F3F31EEFC16200497BAF /* Assets.xcassets in Resources */,
				4829F3F11EEFC16200497BAF /* Main.storyboard in Resources */,
			);
			runOnlyForDeploymentPostprocessing = 0;
		};
/* End PBXResourcesBuildPhase section */

/* Begin PBXSourcesBuildPhase section */
		4829F3E41EEFC16200497BAF /* Sources */ = {
			isa = PBXSourcesBuildPhase;
			buildActionMask = 2147483647;
			files = (
				4829F3EE1EEFC16200497BAF /* ViewController.swift in Sources */,
				4829F3EC1EEFC16200497BAF /* AppDelegate.swift in Sources */,
			);
			runOnlyForDeploymentPostprocessing = 0;
		};
/* End PBXSourcesBuildPhase section */

/* Begin PBXVariantGroup section */
		4829F3EF1EEFC16200497BAF /* Main.storyboard */ = {
			isa = PBXVariantGroup;
			children = (
				4829F3F01EEFC16200497BAF /* Base */,
			);
			name = Main.storyboard;
			sourceTree = "<group>";
		};
		4829F3F41EEFC16200497BAF /* LaunchScreen.storyboard */ = {
			isa = PBXVariantGroup;
			children = (
				4829F3F51EEFC16200497BAF /* Base */,
			);
			name = LaunchScreen.storyboard;
			sourceTree = "<group>";
		};
/* End PBXVariantGroup section */

/* Begin XCBuildConfiguration section */
		4829F3F81EEFC16200497BAF /* Debug */ = {
			isa = XCBuildConfiguration;
			buildSettings = {
				ALWAYS_SEARCH_USER_PATHS = NO;
				CLANG_ANALYZER_NONNULL = YES;
				CLANG_ANALYZER_NUMBER_OBJECT_CONVERSION = YES_AGGRESSIVE;
				CLANG_CXX_LANGUAGE_STANDARD = "gnu++0x";
				CLANG_CXX_LIBRARY = "libc++";
				CLANG_ENABLE_MODULES = YES;
				CLANG_ENABLE_OBJC_ARC = YES;
				CLANG_WARN_BOOL_CONVERSION = YES;
				CLANG_WARN_CONSTANT_CONVERSION = YES;
				CLANG_WARN_DIRECT_OBJC_ISA_USAGE = YES_ERROR;
				CLANG_WARN_DOCUMENTATION_COMMENTS = YES;
				CLANG_WARN_EMPTY_BODY = YES;
				CLANG_WARN_ENUM_CONVERSION = YES;
				CLANG_WARN_INFINITE_RECURSION = YES;
				CLANG_WARN_INT_CONVERSION = YES;
				CLANG_WARN_OBJC_ROOT_CLASS = YES_ERROR;
				CLANG_WARN_SUSPICIOUS_MOVE = YES;
				CLANG_WARN_UNREACHABLE_CODE = YES;
				CLANG_WARN__DUPLICATE_METHOD_MATCH = YES;
				"CODE_SIGN_IDENTITY[sdk=iphoneos*]" = "iPhone Developer";
				COPY_PHASE_STRIP = NO;
				DEBUG_INFORMATION_FORMAT = dwarf;
				ENABLE_STRICT_OBJC_MSGSEND = YES;
				ENABLE_TESTABILITY = YES;
				GCC_C_LANGUAGE_STANDARD = gnu99;
				GCC_DYNAMIC_NO_PIC = NO;
				GCC_NO_COMMON_BLOCKS = YES;
				GCC_OPTIMIZATION_LEVEL = 0;
				GCC_PREPROCESSOR_DEFINITIONS = (
					"DEBUG=1",
					"$(inherited)",
				);
				GCC_WARN_64_TO_32_BIT_CONVERSION = YES;
				GCC_WARN_ABOUT_RETURN_TYPE = YES_ERROR;
				GCC_WARN_UNDECLARED_SELECTOR = YES;
				GCC_WARN_UNINITIALIZED_AUTOS = YES_AGGRESSIVE;
				GCC_WARN_UNUSED_FUNCTION = YES;
				GCC_WARN_UNUSED_VARIABLE = YES;
				IPHONEOS_DEPLOYMENT_TARGET = 10.3;
				MTL_ENABLE_DEBUG_INFO = YES;
				ONLY_ACTIVE_ARCH = YES;
				SDKROOT = iphoneos;
				SWIFT_ACTIVE_COMPILATION_CONDITIONS = DEBUG;
				SWIFT_OPTIMIZATION_LEVEL = "-Onone";
			};
			name = Debug;
		};
		4829F3F91EEFC16200497BAF /* Release */ = {
			isa = XCBuildConfiguration;
			buildSettings = {
				ALWAYS_SEARCH_USER_PATHS = NO;
				CLANG_ANALYZER_NONNULL = YES;
				CLANG_ANALYZER_NUMBER_OBJECT_CONVERSION = YES_AGGRESSIVE;
				CLANG_CXX_LANGUAGE_STANDARD = "gnu++0x";
				CLANG_CXX_LIBRARY = "libc++";
				CLANG_ENABLE_MODULES = YES;
				CLANG_ENABLE_OBJC_ARC = YES;
				CLANG_WARN_BOOL_CONVERSION = YES;
				CLANG_WARN_CONSTANT_CONVERSION = YES;
				CLANG_WARN_DIRECT_OBJC_ISA_USAGE = YES_ERROR;
				CLANG_WARN_DOCUMENTATION_COMMENTS = YES;
				CLANG_WARN_EMPTY_BODY = YES;
				CLANG_WARN_ENUM_CONVERSION = YES;
				CLANG_WARN_INFINITE_RECURSION = YES;
				CLANG_WARN_INT_CONVERSION = YES;
				CLANG_WARN_OBJC_ROOT_CLASS = YES_ERROR;
				CLANG_WARN_SUSPICIOUS_MOVE = YES;
				CLANG_WARN_UNREACHABLE_CODE = YES;
				CLANG_WARN__DUPLICATE_METHOD_MATCH = YES;
				"CODE_SIGN_IDENTITY[sdk=iphoneos*]" = "iPhone Developer";
				COPY_PHASE_STRIP = NO;
				DEBUG_INFORMATION_FORMAT = "dwarf-with-dsym";
				ENABLE_NS_ASSERTIONS = NO;
				ENABLE_STRICT_OBJC_MSGSEND = YES;
				GCC_C_LANGUAGE_STANDARD = gnu99;
				GCC_NO_COMMON_BLOCKS = YES;
				GCC_WARN_64_TO_32_BIT_CONVERSION = YES;
				GCC_WARN_ABOUT_RETURN_TYPE = YES_ERROR;
				GCC_WARN_UNDECLARED_SELECTOR = YES;
				GCC_WARN_UNINITIALIZED_AUTOS = YES_AGGRESSIVE;
				GCC_WARN_UNUSED_FUNCTION = YES;
				GCC_WARN_UNUSED_VARIABLE = YES;
				IPHONEOS_DEPLOYMENT_TARGET = 10.3;
				MTL_ENABLE_DEBUG_INFO = NO;
				SDKROOT = iphoneos;
				SWIFT_OPTIMIZATION_LEVEL = "-Owholemodule";
				VALIDATE_PRODUCT = YES;
			};
			name = Release;
		};
		4829F3FB1EEFC16200497BAF /* Debug */ = {
			isa = XCBuildConfiguration;
			buildSettings = {
				ASSETCATALOG_COMPILER_APPICON_NAME = AppIcon;
				INFOPLIST_FILE = PropertiesTest/Info.plist;
				LD_RUNPATH_SEARCH_PATHS = "$(inherited) @executable_path/Frameworks";
				PRODUCT_BUNDLE_IDENTIFIER = com.jky.PropertiesTest;
				PRODUCT_NAME = "$(TARGET_NAME)";
				SWIFT_VERSION = 3.0;
			};
			name = Debug;
		};
		4829F3FC1EEFC16200497BAF /* Release */ = {
			isa = XCBuildConfiguration;
			buildSettings = {
				ASSETCATALOG_COMPILER_APPICON_NAME = AppIcon;
				INFOPLIST_FILE = PropertiesTest/Info.plist;
				LD_RUNPATH_SEARCH_PATHS = "$(inherited) @executable_path/Frameworks";
				PRODUCT_BUNDLE_IDENTIFIER = com.jky.PropertiesTest;
				PRODUCT_NAME = "$(TARGET_NAME)";
				SWIFT_VERSION = 3.0;
			};
			name = Release;
		};
/* End XCBuildConfiguration section */

/* Begin XCConfigurationList section */
		4829F3E31EEFC16200497BAF /* Build configuration list for PBXProject "PropertiesTest" */ = {
			isa = XCConfigurationList;
			buildConfigurations = (
				4829F3F81EEFC16200497BAF /* Debug */,
				4829F3F91EEFC16200497BAF /* Release */,
			);
			defaultConfigurationIsVisible = 0;
			defaultConfigurationName = Release;
		};
		4829F3FA1EEFC16200497BAF /* Build configuration list for PBXNativeTarget "PropertiesTest" */ = {
			isa = XCConfigurationList;
			buildConfigurations = (
				4829F3FB1EEFC16200497BAF /* Debug */,
				4829F3FC1EEFC16200497BAF /* Release */,
			);
			defaultConfigurationIsVisible = 0;
		};
/* End XCConfigurationList section */
	};
	rootObject = 4829F3E01EEFC16200497BAF /* Project object */;
}
